
Microsoft Visual Studio Solution File, Format Version 12.00
# Visual Studio Version 16
VisualStudioVersion = 16.0.31424.327
MinimumVisualStudioVersion = 10.0.40219.1
Project("{FAE04EC0-301F-11D3-BF4B-00C04F79EFBC}") = "BDDWorkshop", "BDDWorkshop.csproj", "{345B24D8-FB51-475B-9F32-2E7C82163CE5}"
EndProject
Global
	GlobalSection(SolutionConfigurationPlatforms) = preSolution
		Debug|Any CPU = Debug|Any CPU
		Release|Any CPU = Release|Any CPU
	EndGlobalSection
	GlobalSection(ProjectConfigurationPlatforms) = postSolution
		{345B24D8-FB51-475B-9F32-2E7C82163CE5}.Debug|Any CPU.ActiveCfg = Debug|Any CPU
		{345B24D8-FB51-475B-9F32-2E7C82163CE5}.Debug|Any CPU.Build.0 = Debug|Any CPU
		{345B24D8-FB51-475B-9F32-2E7C82163CE5}.Release|Any CPU.ActiveCfg = Release|Any CPU
		{345B24D8-FB51-475B-9F32-2E7C82163CE5}.Release|Any CPU.Build.0 = Release|Any CPU
	EndGlobalSection
	GlobalSection(SolutionProperties) = preSolution
		HideSolutionNode = FALSE
	EndGlobalSection
	GlobalSection(ExtensibilityGlobals) = postSolution
		SolutionGuid = {21E0CE66-34DB-4E02-9850-ED4890D20E37}
	EndGlobalSection
EndGlobal
